
Microsoft Visual Studio Solution File, Format Version 12.00
Project("{FAE04EC0-301F-11D3-BF4B-00C04F79EFBC}") = "Momus", "Momus\Momus.csproj", "{7E1A61E7-1640-43F8-9D12-C29A5DEEA603}"
EndProject
Project("{FAE04EC0-301F-11D3-BF4B-00C04F79EFBC}") = "Momus.ConfigUpdater", "Momus.ConfigUpdater\Momus.ConfigUpdater.csproj", "{5F4CC221-CE76-4510-A05D-4878BC05EC20}"
EndProject
Global
	GlobalSection(SolutionConfigurationPlatforms) = preSolution
		Debug|Any CPU = Debug|Any CPU
		Release|Any CPU = Release|Any CPU
	EndGlobalSection
	GlobalSection(ProjectConfigurationPlatforms) = postSolution
		{7E1A61E7-1640-43F8-9D12-C29A5DEEA603}.Debug|Any CPU.ActiveCfg = Debug|Any CPU
		{7E1A61E7-1640-43F8-9D12-C29A5DEEA603}.Debug|Any CPU.Build.0 = Debug|Any CPU
		{7E1A61E7-1640-43F8-9D12-C29A5DEEA603}.Release|Any CPU.ActiveCfg = Release|Any CPU
		{7E1A61E7-1640-43F8-9D12-C29A5DEEA603}.Release|Any CPU.Build.0 = Release|Any CPU
		{5F4CC221-CE76-4510-A05D-4878BC05EC20}.Debug|Any CPU.ActiveCfg = Debug|Any CPU
		{5F4CC221-CE76-4510-A05D-4878BC05EC20}.Debug|Any CPU.Build.0 = Debug|Any CPU
		{5F4CC221-CE76-4510-A05D-4878BC05EC20}.Release|Any CPU.ActiveCfg = Release|Any CPU
		{5F4CC221-CE76-4510-A05D-4878BC05EC20}.Release|Any CPU.Build.0 = Release|Any CPU
	EndGlobalSection
EndGlobal
